
Microsoft Visual Studio Solution File, Format Version 12.00
# Visual Studio Version 17
VisualStudioVersion = 17.4.33110.190
MinimumVisualStudioVersion = 10.0.40219.1
Project("{FAE04EC0-301F-11D3-BF4B-00C04F79EFBC}") = "Otroapp.Android", "Otroapp.Android\Otroapp.Android.csproj", "{5EA58EBD-5396-4369-92DD-512BC05C8AB4}"
EndProject
Project("{FAE04EC0-301F-11D3-BF4B-00C04F79EFBC}") = "Otroapp.iOS", "Otroapp.iOS\Otroapp.iOS.csproj", "{C9B9F7AD-8A2E-4956-ACB4-05AC995E3568}"
EndProject
Project("{FAE04EC0-301F-11D3-BF4B-00C04F79EFBC}") = "Otroapp", "Otroapp\Otroapp.csproj", "{192C3229-9022-41BC-B7E6-B259512BE8C3}"
EndProject
Global
	GlobalSection(SolutionConfigurationPlatforms) = preSolution
		Debug|Any CPU = Debug|Any CPU
		Debug|iPhone = Debug|iPhone
		Debug|iPhoneSimulator = Debug|iPhoneSimulator
		Release|Any CPU = Release|Any CPU
		Release|iPhone = Release|iPhone
		Release|iPhoneSimulator = Release|iPhoneSimulator
	EndGlobalSection
	GlobalSection(ProjectConfigurationPlatforms) = postSolution
		{5EA58EBD-5396-4369-92DD-512BC05C8AB4}.Debug|Any CPU.ActiveCfg = Debug|Any CPU
		{5EA58EBD-5396-4369-92DD-512BC05C8AB4}.Debug|Any CPU.Build.0 = Debug|Any CPU
		{5EA58EBD-5396-4369-92DD-512BC05C8AB4}.Debug|Any CPU.Deploy.0 = Debug|Any CPU
		{5EA58EBD-5396-4369-92DD-512BC05C8AB4}.Debug|iPhone.ActiveCfg = Debug|Any CPU
		{5EA58EBD-5396-4369-92DD-512BC05C8AB4}.Debug|iPhone.Build.0 = Debug|Any CPU
		{5EA58EBD-5396-4369-92DD-512BC05C8AB4}.Debug|iPhone.Deploy.0 = Debug|Any CPU
		{5EA58EBD-5396-4369-92DD-512BC05C8AB4}.Debug|iPhoneSimulator.ActiveCfg = Debug|Any CPU
		{5EA58EBD-5396-4369-92DD-512BC05C8AB4}.Debug|iPhoneSimulator.Build.0 = Debug|Any CPU
		{5EA58EBD-5396-4369-92DD-512BC05C8AB4}.Debug|iPhoneSimulator.Deploy.0 = Debug|Any CPU
		{5EA58EBD-5396-4369-92DD-512BC05C8AB4}.Release|Any CPU.ActiveCfg = Release|Any CPU
		{5EA58EBD-5396-4369-92DD-512BC05C8AB4}.Release|Any CPU.Build.0 = Release|Any CPU
		{5EA58EBD-5396-4369-92DD-512BC05C8AB4}.Release|Any CPU.Deploy.0 = Release|Any CPU
		{5EA58EBD-5396-4369-92DD-512BC05C8AB4}.Release|iPhone.ActiveCfg = Release|Any CPU
		{5EA58EBD-5396-4369-92DD-512BC05C8AB4}.Release|iPhone.Build.0 = Release|Any CPU
		{5EA58EBD-5396-4369-92DD-512BC05C8AB4}.Release|iPhone.Deploy.0 = Release|Any CPU
		{5EA58EBD-5396-4369-92DD-512BC05C8AB4}.Release|iPhoneSimulator.ActiveCfg = Release|Any CPU
		{5EA58EBD-5396-4369-92DD-512BC05C8AB4}.Release|iPhoneSimulator.Build.0 = Release|Any CPU
		{5EA58EBD-5396-4369-92DD-512BC05C8AB4}.Release|iPhoneSimulator.Deploy.0 = Release|Any CPU
		{C9B9F7AD-8A2E-4956-ACB4-05AC995E3568}.Debug|Any CPU.ActiveCfg = Debug|iPhone
		{C9B9F7AD-8A2E-4956-ACB4-05AC995E3568}.Debug|Any CPU.Build.0 = Debug|iPhone
		{C9B9F7AD-8A2E-4956-ACB4-05AC995E3568}.Debug|Any CPU.Deploy.0 = Debug|iPhone
		{C9B9F7AD-8A2E-4956-ACB4-05AC995E3568}.Debug|iPhone.ActiveCfg = Debug|iPhone
		{C9B9F7AD-8A2E-4956-ACB4-05AC995E3568}.Debug|iPhone.Build.0 = Debug|iPhone
		{C9B9F7AD-8A2E-4956-ACB4-05AC995E3568}.Debug|iPhone.Deploy.0 = Debug|iPhone
		{C9B9F7AD-8A2E-4956-ACB4-05AC995E3568}.Debug|iPhoneSimulator.ActiveCfg = Debug|iPhoneSimulator
		{C9B9F7AD-8A2E-4956-ACB4-05AC995E3568}.Debug|iPhoneSimulator.Build.0 = Debug|iPhoneSimulator
		{C9B9F7AD-8A2E-4956-ACB4-05AC995E3568}.Debug|iPhoneSimulator.Deploy.0 = Debug|iPhoneSimulator
		{C9B9F7AD-8A2E-4956-ACB4-05AC995E3568}.Release|Any CPU.ActiveCfg = Release|iPhoneSimulator
		{C9B9F7AD-8A2E-4956-ACB4-05AC995E3568}.Release|Any CPU.Build.0 = Release|iPhoneSimulator
		{C9B9F7AD-8A2E-4956-ACB4-05AC995E3568}.Release|Any CPU.Deploy.0 = Release|iPhoneSimulator
		{C9B9F7AD-8A2E-4956-ACB4-05AC995E3568}.Release|iPhone.ActiveCfg = Release|iPhone
		{C9B9F7AD-8A2E-4956-ACB4-05AC995E3568}.Release|iPhone.Build.0 = Release|iPhone
		{C9B9F7AD-8A2E-4956-ACB4-05AC995E3568}.Release|iPhone.Deploy.0 = Release|iPhone
		{C9B9F7AD-8A2E-4956-ACB4-05AC995E3568}.Release|iPhoneSimulator.ActiveCfg = Release|iPhoneSimulator
		{C9B9F7AD-8A2E-4956-ACB4-05AC995E3568}.Release|iPhoneSimulator.Build.0 = Release|iPhoneSimulator
		{C9B9F7AD-8A2E-4956-ACB4-05AC995E3568}.Release|iPhoneSimulator.Deploy.0 = Release|iPhoneSimulator
		{192C3229-9022-41BC-B7E6-B259512BE8C3}.Debug|Any CPU.ActiveCfg = Debug|Any CPU
		{192C3229-9022-41BC-B7E6-B259512BE8C3}.Debug|Any CPU.Build.0 = Debug|Any CPU
		{192C3229-9022-41BC-B7E6-B259512BE8C3}.Debug|Any CPU.Deploy.0 = Debug|Any CPU
		{192C3229-9022-41BC-B7E6-B259512BE8C3}.Debug|iPhone.ActiveCfg = Debug|Any CPU
		{192C3229-9022-41BC-B7E6-B259512BE8C3}.Debug|iPhone.Build.0 = Debug|Any CPU
		{192C3229-9022-41BC-B7E6-B259512BE8C3}.Debug|iPhone.Deploy.0 = Debug|Any CPU
		{192C3229-9022-41BC-B7E6-B259512BE8C3}.Debug|iPhoneSimulator.ActiveCfg = Debug|Any CPU
		{192C3229-9022-41BC-B7E6-B259512BE8C3}.Debug|iPhoneSimulator.Build.0 = Debug|Any CPU
		{192C3229-9022-41BC-B7E6-B259512BE8C3}.Debug|iPhoneSimulator.Deploy.0 = Debug|Any CPU
		{192C3229-9022-41BC-B7E6-B259512BE8C3}.Release|Any CPU.ActiveCfg = Release|Any CPU
		{192C3229-9022-41BC-B7E6-B259512BE8C3}.Release|Any CPU.Build.0 = Release|Any CPU
		{192C3229-9022-41BC-B7E6-B259512BE8C3}.Release|Any CPU.Deploy.0 = Release|Any CPU
		{192C3229-9022-41BC-B7E6-B259512BE8C3}.Release|iPhone.ActiveCfg = Release|Any CPU
		{192C3229-9022-41BC-B7E6-B259512BE8C3}.Release|iPhone.Build.0 = Release|Any CPU
		{192C3229-9022-41BC-B7E6-B259512BE8C3}.Release|iPhone.Deploy.0 = Release|Any CPU
		{192C3229-9022-41BC-B7E6-B259512BE8C3}.Release|iPhoneSimulator.ActiveCfg = Release|Any CPU
		{192C3229-9022-41BC-B7E6-B259512BE8C3}.Release|iPhoneSimulator.Build.0 = Release|Any CPU
		{192C3229-9022-41BC-B7E6-B259512BE8C3}.Release|iPhoneSimulator.Deploy.0 = Release|Any CPU
	EndGlobalSection
	GlobalSection(SolutionProperties) = preSolution
		HideSolutionNode = FALSE
	EndGlobalSection
	GlobalSection(ExtensibilityGlobals) = postSolution
		SolutionGuid = {A208F929-363E-46D7-8F6B-E2DA592003AE}
	EndGlobalSection
EndGlobal
